
Microsoft Visual Studio Solution File, Format Version 12.00
# Visual Studio Version 16
VisualStudioVersion = 16.0.30204.135
MinimumVisualStudioVersion = 10.0.40219.1
Project("{FAE04EC0-301F-11D3-BF4B-00C04F79EFBC}") = "WEB_PROYECTOS", "WEB_PROYECTOS\WEB_PROYECTOS.csproj", "{C12352C7-8521-490A-AEF8-65D2BEB9B1F2}"
EndProject
Project("{2150E333-8FDC-42A3-9474-1A3956D46DE8}") = "1.UL", "1.UL", "{2128DCAA-A9D2-4B23-AA30-DFD849B00472}"
EndProject
Project("{2150E333-8FDC-42A3-9474-1A3956D46DE8}") = "2.BL", "2.BL", "{10A67854-3B9F-4046-BCA7-AB98BDE2B317}"
EndProject
Project("{2150E333-8FDC-42A3-9474-1A3956D46DE8}") = "3.DL", "3.DL", "{FF30BCBF-1C93-4AF5-BC0B-7598DA1D13C9}"
EndProject
Project("{2150E333-8FDC-42A3-9474-1A3956D46DE8}") = "4.CL", "4.CL", "{494D560C-F431-4E68-A7DD-EF96CFC61B46}"
EndProject
Project("{FAE04EC0-301F-11D3-BF4B-00C04F79EFBC}") = "NEGOCIO", "NEGOCIO\NEGOCIO.csproj", "{7DBB2F15-3C1E-45BE-9045-BB07EA93B935}"
EndProject
Project("{FAE04EC0-301F-11D3-BF4B-00C04F79EFBC}") = "DATOS", "DATOS\DATOS.csproj", "{2727AD55-BC43-461F-9532-03D853F4554A}"
EndProject
Project("{FAE04EC0-301F-11D3-BF4B-00C04F79EFBC}") = "ENTIDAD", "ENTIDAD\ENTIDAD.csproj", "{E676D421-BEF9-4940-BCB2-9BA877F54CC3}"
EndProject
Global
	GlobalSection(SolutionConfigurationPlatforms) = preSolution
		Debug|Any CPU = Debug|Any CPU
		Release|Any CPU = Release|Any CPU
	EndGlobalSection
	GlobalSection(ProjectConfigurationPlatforms) = postSolution
		{C12352C7-8521-490A-AEF8-65D2BEB9B1F2}.Debug|Any CPU.ActiveCfg = Debug|Any CPU
		{C12352C7-8521-490A-AEF8-65D2BEB9B1F2}.Debug|Any CPU.Build.0 = Debug|Any CPU
		{C12352C7-8521-490A-AEF8-65D2BEB9B1F2}.Release|Any CPU.ActiveCfg = Release|Any CPU
		{C12352C7-8521-490A-AEF8-65D2BEB9B1F2}.Release|Any CPU.Build.0 = Release|Any CPU
		{7DBB2F15-3C1E-45BE-9045-BB07EA93B935}.Debug|Any CPU.ActiveCfg = Debug|Any CPU
		{7DBB2F15-3C1E-45BE-9045-BB07EA93B935}.Debug|Any CPU.Build.0 = Debug|Any CPU
		{7DBB2F15-3C1E-45BE-9045-BB07EA93B935}.Release|Any CPU.ActiveCfg = Release|Any CPU
		{7DBB2F15-3C1E-45BE-9045-BB07EA93B935}.Release|Any CPU.Build.0 = Release|Any CPU
		{2727AD55-BC43-461F-9532-03D853F4554A}.Debug|Any CPU.ActiveCfg = Debug|Any CPU
		{2727AD55-BC43-461F-9532-03D853F4554A}.Debug|Any CPU.Build.0 = Debug|Any CPU
		{2727AD55-BC43-461F-9532-03D853F4554A}.Release|Any CPU.ActiveCfg = Release|Any CPU
		{2727AD55-BC43-461F-9532-03D853F4554A}.Release|Any CPU.Build.0 = Release|Any CPU
		{E676D421-BEF9-4940-BCB2-9BA877F54CC3}.Debug|Any CPU.ActiveCfg = Debug|Any CPU
		{E676D421-BEF9-4940-BCB2-9BA877F54CC3}.Debug|Any CPU.Build.0 = Debug|Any CPU
		{E676D421-BEF9-4940-BCB2-9BA877F54CC3}.Release|Any CPU.ActiveCfg = Release|Any CPU
		{E676D421-BEF9-4940-BCB2-9BA877F54CC3}.Release|Any CPU.Build.0 = Release|Any CPU
	EndGlobalSection
	GlobalSection(SolutionProperties) = preSolution
		HideSolutionNode = FALSE
	EndGlobalSection
	GlobalSection(NestedProjects) = preSolution
		{C12352C7-8521-490A-AEF8-65D2BEB9B1F2} = {2128DCAA-A9D2-4B23-AA30-DFD849B00472}
		{7DBB2F15-3C1E-45BE-9045-BB07EA93B935} = {10A67854-3B9F-4046-BCA7-AB98BDE2B317}
		{2727AD55-BC43-461F-9532-03D853F4554A} = {FF30BCBF-1C93-4AF5-BC0B-7598DA1D13C9}
		{E676D421-BEF9-4940-BCB2-9BA877F54CC3} = {494D560C-F431-4E68-A7DD-EF96CFC61B46}
	EndGlobalSection
	GlobalSection(ExtensibilityGlobals) = postSolution
		SolutionGuid = {2909D921-A720-493A-9424-F843E519EC9D}
	EndGlobalSection
EndGlobal
